// !$*UTF8*$!
{
	archiveVersion = 1;
	classes = {
	};
	objectVersion = 50;
	objects = {

/* Begin PBXBuildFile section */
		7D8270F72212CB950071574D /* AppDelegate.swift in Sources */ = {isa = PBXBuildFile; fileRef = 7D8270F62212CB950071574D /* AppDelegate.swift */; };
		7D8270F92212CB950071574D /* ViewController.swift in Sources */ = {isa = PBXBuildFile; fileRef = 7D8270F82212CB950071574D /* ViewController.swift */; };
		7D8270FC2212CB950071574D /* Main.storyboard in Resources */ = {isa = PBXBuildFile; fileRef = 7D8270FA2212CB950071574D /* Main.storyboard */; };
		7D8270FE2212CB960071574D /* Assets.xcassets in Resources */ = {isa = PBXBuildFile; fileRef = 7D8270FD2212CB960071574D /* Assets.xcassets */; };
		7D8271012212CB960071574D /* LaunchScreen.storyboard in Resources */ = {isa = PBXBuildFile; fileRef = 7D8270FF2212CB960071574D /* LaunchScreen.storyboard */; };
		7D82710C2212CB960071574D /* ShoppingListTests.swift in Sources */ = {isa = PBXBuildFile; fileRef = 7D82710B2212CB960071574D /* ShoppingListTests.swift */; };
		7D8271172212CB960071574D /* ShoppingListUITests.swift in Sources */ = {isa = PBXBuildFile; fileRef = 7D8271162212CB960071574D /* ShoppingListUITests.swift */; };
		7D8271282212DD7F0071574D /* AddShoppingViewController.swift in Sources */ = {isa = PBXBuildFile; fileRef = 7D8271272212DD7F0071574D /* AddShoppingViewController.swift */; };
		7D82712A2212DDC10071574D /* ShoppingTableViewController.swift in Sources */ = {isa = PBXBuildFile; fileRef = 7D8271292212DDC10071574D /* ShoppingTableViewController.swift */; };
/* End PBXBuildFile section */

/* Begin PBXContainerItemProxy section */
		7D8271082212CB960071574D /* PBXContainerItemProxy */ = {
			isa = PBXContainerItemProxy;
			containerPortal = 7D8270EB2212CB950071574D /* Project object */;
			proxyType = 1;
			remoteGlobalIDString = 7D8270F22212CB950071574D;
			remoteInfo = ShoppingList;
		};
		7D8271132212CB960071574D /* PBXContainerItemProxy */ = {
			isa = PBXContainerItemProxy;
			containerPortal = 7D8270EB2212CB950071574D /* Project object */;
			proxyType = 1;
			remoteGlobalIDString = 7D8270F22212CB950071574D;
			remoteInfo = ShoppingList;
		};
/* End PBXContainerItemProxy section */

/* Begin PBXFileReference section */
		7D8270F32212CB950071574D /* ShoppingList.app */ = {isa = PBXFileReference; explicitFileType = wrapper.application; includeInIndex = 0; path = ShoppingList.app; sourceTree = BUILT_PRODUCTS_DIR; };
		7D8270F62212CB950071574D /* AppDelegate.swift */ = {isa = PBXFileReference; lastKnownFileType = sourcecode.swift; path = AppDelegate.swift; sourceTree = "<group>"; };
		7D8270F82212CB950071574D /* ViewController.swift */ = {isa = PBXFileReference; lastKnownFileType = sourcecode.swift; path = ViewController.swift; sourceTree = "<group>"; };
		7D8270FB2212CB950071574D /* Base */ = {isa = PBXFileReference; lastKnownFileType = file.storyboard; name = Base; path = Base.lproj/Main.storyboard; sourceTree = "<group>"; };
		7D8270FD2212CB960071574D /* Assets.xcassets */ = {isa = PBXFileReference; lastKnownFileType = folder.assetcatalog; path = Assets.xcassets; sourceTree = "<group>"; };
		7D8271002212CB960071574D /* Base */ = {isa = PBXFileReference; lastKnownFileType = file.storyboard; name = Base; path = Base.lproj/LaunchScreen.storyboard; sourceTree = "<group>"; };
		7D8271022212CB960071574D /* Info.plist */ = {isa = PBXFileReference; lastKnownFileType = text.plist.xml; path = Info.plist; sourceTree = "<group>"; };
		7D8271072212CB960071574D /* ShoppingListTests.xctest */ = {isa = PBXFileReference; explicitFileType = wrapper.cfbundle; includeInIndex = 0; path = ShoppingListTests.xctest; sourceTree = BUILT_PRODUCTS_DIR; };
		7D82710B2212CB960071574D /* ShoppingListTests.swift */ = {isa = PBXFileReference; lastKnownFileType = sourcecode.swift; path = ShoppingListTests.swift; sourceTree = "<group>"; };
		7D82710D2212CB960071574D /* Info.plist */ = {isa = PBXFileReference; lastKnownFileType = text.plist.xml; path = Info.plist; sourceTree = "<group>"; };
		7D8271122212CB960071574D /* ShoppingListUITests.xctest */ = {isa = PBXFileReference; explicitFileType = wrapper.cfbundle; includeInIndex = 0; path = ShoppingListUITests.xctest; sourceTree = BUILT_PRODUCTS_DIR; };
		7D8271162212CB960071574D /* ShoppingListUITests.swift */ = {isa = PBXFileReference; lastKnownFileType = sourcecode.swift; path = ShoppingListUITests.swift; sourceTree = "<group>"; };
		7D8271182212CB960071574D /* Info.plist */ = {isa = PBXFileReference; lastKnownFileType = text.plist.xml; path = Info.plist; sourceTree = "<group>"; };
		7D8271272212DD7F0071574D /* AddShoppingViewController.swift */ = {isa = PBXFileReference; lastKnownFileType = sourcecode.swift; path = AddShoppingViewController.swift; sourceTree = "<group>"; };
		7D8271292212DDC10071574D /* ShoppingTableViewController.swift */ = {isa = PBXFileReference; lastKnownFileType = sourcecode.swift; path = ShoppingTableViewController.swift; sourceTree = "<group>"; };
/* End PBXFileReference section */

/* Begin PBXFrameworksBuildPhase section */
		7D8270F02212CB950071574D /* Frameworks */ = {
			isa = PBXFrameworksBuildPhase;
			buildActionMask = 2147483647;
			files = (
			);
			runOnlyForDeploymentPostprocessing = 0;
		};
		7D8271042212CB960071574D /* Frameworks */ = {
			isa = PBXFrameworksBuildPhase;
			buildActionMask = 2147483647;
			files = (
			);
			runOnlyForDeploymentPostprocessing = 0;
		};
		7D82710F2212CB960071574D /* Frameworks */ = {
			isa = PBXFrameworksBuildPhase;
			buildActionMask = 2147483647;
			files = (
			);
			runOnlyForDeploymentPostprocessing = 0;
		};
/* End PBXFrameworksBuildPhase section */

/* Begin PBXGroup section */
		7D8270EA2212CB950071574D = {
			isa = PBXGroup;
			children = (
				7D8270F52212CB950071574D /* ShoppingList */,
				7D82710A2212CB960071574D /* ShoppingListTests */,
				7D8271152212CB960071574D /* ShoppingListUITests */,
				7D8270F42212CB950071574D /* Products */,
			);
			sourceTree = "<group>";
		};
		7D8270F42212CB950071574D /* Products */ = {
			isa = PBXGroup;
			children = (
				7D8270F32212CB950071574D /* ShoppingList.app */,
				7D8271072212CB960071574D /* ShoppingListTests.xctest */,
				7D8271122212CB960071574D /* ShoppingListUITests.xctest */,
			);
			name = Products;
			sourceTree = "<group>";
		};
		7D8270F52212CB950071574D /* ShoppingList */ = {
			isa = PBXGroup;
			children = (
				7D8271242212DB870071574D /* VC */,
				7D8270F62212CB950071574D /* AppDelegate.swift */,
				7D8270F82212CB950071574D /* ViewController.swift */,
				7D8270FA2212CB950071574D /* Main.storyboard */,
				7D8270FD2212CB960071574D /* Assets.xcassets */,
				7D8270FF2212CB960071574D /* LaunchScreen.storyboard */,
				7D8271022212CB960071574D /* Info.plist */,
			);
			path = ShoppingList;
			sourceTree = "<group>";
		};
		7D82710A2212CB960071574D /* ShoppingListTests */ = {
			isa = PBXGroup;
			children = (
				7D82710B2212CB960071574D /* ShoppingListTests.swift */,
				7D82710D2212CB960071574D /* Info.plist */,
			);
			path = ShoppingListTests;
			sourceTree = "<group>";
		};
		7D8271152212CB960071574D /* ShoppingListUITests */ = {
			isa = PBXGroup;
			children = (
				7D8271162212CB960071574D /* ShoppingListUITests.swift */,
				7D8271182212CB960071574D /* Info.plist */,
			);
			path = ShoppingListUITests;
			sourceTree = "<group>";
		};
		7D8271242212DB870071574D /* VC */ = {
			isa = PBXGroup;
			children = (
				7D8271272212DD7F0071574D /* AddShoppingViewController.swift */,
				7D8271292212DDC10071574D /* ShoppingTableViewController.swift */,
			);
			path = VC;
			sourceTree = "<group>";
		};
/* End PBXGroup section */

/* Begin PBXNativeTarget section */
		7D8270F22212CB950071574D /* ShoppingList */ = {
			isa = PBXNativeTarget;
			buildConfigurationList = 7D82711B2212CB960071574D /* Build configuration list for PBXNativeTarget "ShoppingList" */;
			buildPhases = (
				7D8270EF2212CB950071574D /* Sources */,
				7D8270F02212CB950071574D /* Frameworks */,
				7D8270F12212CB950071574D /* Resources */,
			);
			buildRules = (
			);
			dependencies = (
			);
			name = ShoppingList;
			productName = ShoppingList;
			productReference = 7D8270F32212CB950071574D /* ShoppingList.app */;
			productType = "com.apple.product-type.application";
		};
		7D8271062212CB960071574D /* ShoppingListTests */ = {
			isa = PBXNativeTarget;
			buildConfigurationList = 7D82711E2212CB960071574D /* Build configuration list for PBXNativeTarget "ShoppingListTests" */;
			buildPhases = (
				7D8271032212CB960071574D /* Sources */,
				7D8271042212CB960071574D /* Frameworks */,
				7D8271052212CB960071574D /* Resources */,
			);
			buildRules = (
			);
			dependencies = (
				7D8271092212CB960071574D /* PBXTargetDependency */,
			);
			name = ShoppingListTests;
			productName = ShoppingListTests;
			productReference = 7D8271072212CB960071574D /* ShoppingListTests.xctest */;
			productType = "com.apple.product-type.bundle.unit-test";
		};
		7D8271112212CB960071574D /* ShoppingListUITests */ = {
			isa = PBXNativeTarget;
			buildConfigurationList = 7D8271212212CB960071574D /* Build configuration list for PBXNativeTarget "ShoppingListUITests" */;
			buildPhases = (
				7D82710E2212CB960071574D /* Sources */,
				7D82710F2212CB960071574D /* Frameworks */,
				7D8271102212CB960071574D /* Resources */,
			);
			buildRules = (
			);
			dependencies = (
				7D8271142212CB960071574D /* PBXTargetDependency */,
			);
			name = ShoppingListUITests;
			productName = ShoppingListUITests;
			productReference = 7D8271122212CB960071574D /* ShoppingListUITests.xctest */;
			productType = "com.apple.product-type.bundle.ui-testing";
		};
/* End PBXNativeTarget section */

/* Begin PBXProject section */
		7D8270EB2212CB950071574D /* Project object */ = {
			isa = PBXProject;
			attributes = {
				LastSwiftUpdateCheck = 1010;
				LastUpgradeCheck = 1010;
				ORGANIZATIONNAME = Shelan;
				TargetAttributes = {
					7D8270F22212CB950071574D = {
						CreatedOnToolsVersion = 10.1;
					};
					7D8271062212CB960071574D = {
						CreatedOnToolsVersion = 10.1;
						TestTargetID = 7D8270F22212CB950071574D;
					};
					7D8271112212CB960071574D = {
						CreatedOnToolsVersion = 10.1;
						TestTargetID = 7D8270F22212CB950071574D;
					};
				};
			};
			buildConfigurationList = 7D8270EE2212CB950071574D /* Build configuration list for PBXProject "ShoppingList" */;
			compatibilityVersion = "Xcode 9.3";
			developmentRegion = en;
			hasScannedForEncodings = 0;
			knownRegions = (
				en,
				Base,
			);
			mainGroup = 7D8270EA2212CB950071574D;
			productRefGroup = 7D8270F42212CB950071574D /* Products */;
			projectDirPath = "";
			projectRoot = "";
			targets = (
				7D8270F22212CB950071574D /* ShoppingList */,
				7D8271062212CB960071574D /* ShoppingListTests */,
				7D8271112212CB960071574D /* ShoppingListUITests */,
			);
		};
/* End PBXProject section */

/* Begin PBXResourcesBuildPhase section */
		7D8270F12212CB950071574D /* Resources */ = {
			isa = PBXResourcesBuildPhase;
			buildActionMask = 2147483647;
			files = (
				7D8271012212CB960071574D /* LaunchScreen.storyboard in Resources */,
				7D8270FE2212CB960071574D /* Assets.xcassets in Resources */,
				7D8270FC2212CB950071574D /* Main.storyboard in Resources */,
			);
			runOnlyForDeploymentPostprocessing = 0;
		};
		7D8271052212CB960071574D /* Resources */ = {
			isa = PBXResourcesBuildPhase;
			buildActionMask = 2147483647;
			files = (
			);
			runOnlyForDeploymentPostprocessing = 0;
		};
		7D8271102212CB960071574D /* Resources */ = {
			isa = PBXResourcesBuildPhase;
			buildActionMask = 2147483647;
			files = (
			);
			runOnlyForDeploymentPostprocessing = 0;
		};
/* End PBXResourcesBuildPhase section */

/* Begin PBXSourcesBuildPhase section */
		7D8270EF2212CB950071574D /* Sources */ = {
			isa = PBXSourcesBuildPhase;
			buildActionMask = 2147483647;
			files = (
				7D8270F92212CB950071574D /* ViewController.swift in Sources */,
				7D82712A2212DDC10071574D /* ShoppingTableViewController.swift in Sources */,
				7D8271282212DD7F0071574D /* AddShoppingViewController.swift in Sources */,
				7D8270F72212CB950071574D /* AppDelegate.swift in Sources */,
			);
			runOnlyForDeploymentPostprocessing = 0;
		};
		7D8271032212CB960071574D /* Sources */ = {
			isa = PBXSourcesBuildPhase;
			buildActionMask = 2147483647;
			files = (
				7D82710C2212CB960071574D /* ShoppingListTests.swift in Sources */,
			);
			runOnlyForDeploymentPostprocessing = 0;
		};
		7D82710E2212CB960071574D /* Sources */ = {
			isa = PBXSourcesBuildPhase;
			buildActionMask = 2147483647;
			files = (
				7D8271172212CB960071574D /* ShoppingListUITests.swift in Sources */,
			);
			runOnlyForDeploymentPostprocessing = 0;
		};
/* End PBXSourcesBuildPhase section */

/* Begin PBXTargetDependency section */
		7D8271092212CB960071574D /* PBXTargetDependency */ = {
			isa = PBXTargetDependency;
			target = 7D8270F22212CB950071574D /* ShoppingList */;
			targetProxy = 7D8271082212CB960071574D /* PBXContainerItemProxy */;
		};
		7D8271142212CB960071574D /* PBXTargetDependency */ = {
			isa = PBXTargetDependency;
			target = 7D8270F22212CB950071574D /* ShoppingList */;
			targetProxy = 7D8271132212CB960071574D /* PBXContainerItemProxy */;
		};
/* End PBXTargetDependency section */

/* Begin PBXVariantGroup section */
		7D8270FA2212CB950071574D /* Main.storyboard */ = {
			isa = PBXVariantGroup;
			children = (
				7D8270FB2212CB950071574D /* Base */,
			);
			name = Main.storyboard;
			sourceTree = "<group>";
		};
		7D8270FF2212CB960071574D /* LaunchScreen.storyboard */ = {
			isa = PBXVariantGroup;
			children = (
				7D8271002212CB960071574D /* Base */,
			);
			name = LaunchScreen.storyboard;
			sourceTree = "<group>";
		};
/* End PBXVariantGroup section */

/* Begin XCBuildConfiguration section */
		7D8271192212CB960071574D /* Debug */ = {
			isa = XCBuildConfiguration;
			buildSettings = {
				ALWAYS_SEARCH_USER_PATHS = NO;
				CLANG_ANALYZER_NONNULL = YES;
				CLANG_ANALYZER_NUMBER_OBJECT_CONVERSION = YES_AGGRESSIVE;
				CLANG_CXX_LANGUAGE_STANDARD = "gnu++14";
				CLANG_CXX_LIBRARY = "libc++";
				CLANG_ENABLE_MODULES = YES;
				CLANG_ENABLE_OBJC_ARC = YES;
				CLANG_ENABLE_OBJC_WEAK = YES;
				CLANG_WARN_BLOCK_CAPTURE_AUTORELEASING = YES;
				CLANG_WARN_BOOL_CONVERSION = YES;
				CLANG_WARN_COMMA = YES;
				CLANG_WARN_CONSTANT_CONVERSION = YES;
				CLANG_WARN_DEPRECATED_OBJC_IMPLEMENTATIONS = YES;
				CLANG_WARN_DIRECT_OBJC_ISA_USAGE = YES_ERROR;
				CLANG_WARN_DOCUMENTATION_COMMENTS = YES;
				CLANG_WARN_EMPTY_BODY = YES;
				CLANG_WARN_ENUM_CONVERSION = YES;
				CLANG_WARN_INFINITE_RECURSION = YES;
				CLANG_WARN_INT_CONVERSION = YES;
				CLANG_WARN_NON_LITERAL_NULL_CONVERSION = YES;
				CLANG_WARN_OBJC_IMPLICIT_RETAIN_SELF = YES;
				CLANG_WARN_OBJC_LITERAL_CONVERSION = YES;
				CLANG_WARN_OBJC_ROOT_CLASS = YES_ERROR;
				CLANG_WARN_RANGE_LOOP_ANALYSIS = YES;
				CLANG_WARN_STRICT_PROTOTYPES = YES;
				CLANG_WARN_SUSPICIOUS_MOVE = YES;
				CLANG_WARN_UNGUARDED_AVAILABILITY = YES_AGGRESSIVE;
				CLANG_WARN_UNREACHABLE_CODE = YES;
				CLANG_WARN__DUPLICATE_METHOD_MATCH = YES;
				CODE_SIGN_IDENTITY = "iPhone Developer";
				COPY_PHASE_STRIP = NO;
				DEBUG_INFORMATION_FORMAT = dwarf;
				ENABLE_STRICT_OBJC_MSGSEND = YES;
				ENABLE_TESTABILITY = YES;
				GCC_C_LANGUAGE_STANDARD = gnu11;
				GCC_DYNAMIC_NO_PIC = NO;
				GCC_NO_COMMON_BLOCKS = YES;
				GCC_OPTIMIZATION_LEVEL = 0;
				GCC_PREPROCESSOR_DEFINITIONS = (
					"DEBUG=1",
					"$(inherited)",
				);
				GCC_WARN_64_TO_32_BIT_CONVERSION = YES;
				GCC_WARN_ABOUT_RETURN_TYPE = YES_ERROR;
				GCC_WARN_UNDECLARED_SELECTOR = YES;
				GCC_WARN_UNINITIALIZED_AUTOS = YES_AGGRESSIVE;
				GCC_WARN_UNUSED_FUNCTION = YES;
				GCC_WARN_UNUSED_VARIABLE = YES;
				IPHONEOS_DEPLOYMENT_TARGET = 12.1;
				MTL_ENABLE_DEBUG_INFO = INCLUDE_SOURCE;
				MTL_FAST_MATH = YES;
				ONLY_ACTIVE_ARCH = YES;
				SDKROOT = iphoneos;
				SWIFT_ACTIVE_COMPILATION_CONDITIONS = DEBUG;
				SWIFT_OPTIMIZATION_LEVEL = "-Onone";
			};
			name = Debug;
		};
		7D82711A2212CB960071574D /* Release */ = {
			isa = XCBuildConfiguration;
			buildSettings = {
				ALWAYS_SEARCH_USER_PATHS = NO;
				CLANG_ANALYZER_NONNULL = YES;
				CLANG_ANALYZER_NUMBER_OBJECT_CONVERSION = YES_AGGRESSIVE;
				CLANG_CXX_LANGUAGE_STANDARD = "gnu++14";
				CLANG_CXX_LIBRARY = "libc++";
				CLANG_ENABLE_MODULES = YES;
				CLANG_ENABLE_OBJC_ARC = YES;
				CLANG_ENABLE_OBJC_WEAK = YES;
				CLANG_WARN_BLOCK_CAPTURE_AUTORELEASING = YES;
				CLANG_WARN_BOOL_CONVERSION = YES;
				CLANG_WARN_COMMA = YES;
				CLANG_WARN_CONSTANT_CONVERSION = YES;
				CLANG_WARN_DEPRECATED_OBJC_IMPLEMENTATIONS = YES;
				CLANG_WARN_DIRECT_OBJC_ISA_USAGE = YES_ERROR;
				CLANG_WARN_DOCUMENTATION_COMMENTS = YES;
				CLANG_WARN_EMPTY_BODY = YES;
				CLANG_WARN_ENUM_CONVERSION = YES;
				CLANG_WARN_INFINITE_RECURSION = YES;
				CLANG_WARN_INT_CONVERSION = YES;
				CLANG_WARN_NON_LITERAL_NULL_CONVERSION = YES;
				CLANG_WARN_OBJC_IMPLICIT_RETAIN_SELF = YES;
				CLANG_WARN_OBJC_LITERAL_CONVERSION = YES;
				CLANG_WARN_OBJC_ROOT_CLASS = YES_ERROR;
				CLANG_WARN_RANGE_LOOP_ANALYSIS = YES;
				CLANG_WARN_STRICT_PROTOTYPES = YES;
				CLANG_WARN_SUSPICIOUS_MOVE = YES;
				CLANG_WARN_UNGUARDED_AVAILABILITY = YES_AGGRESSIVE;
				CLANG_WARN_UNREACHABLE_CODE = YES;
				CLANG_WARN__DUPLICATE_METHOD_MATCH = YES;
				CODE_SIGN_IDENTITY = "iPhone Developer";
				COPY_PHASE_STRIP = NO;
				DEBUG_INFORMATION_FORMAT = "dwarf-with-dsym";
				ENABLE_NS_ASSERTIONS = NO;
				ENABLE_STRICT_OBJC_MSGSEND = YES;
				GCC_C_LANGUAGE_STANDARD = gnu11;
				GCC_NO_COMMON_BLOCKS = YES;
				GCC_WARN_64_TO_32_BIT_CONVERSION = YES;
				GCC_WARN_ABOUT_RETURN_TYPE = YES_ERROR;
				GCC_WARN_UNDECLARED_SELECTOR = YES;
				GCC_WARN_UNINITIALIZED_AUTOS = YES_AGGRESSIVE;
				GCC_WARN_UNUSED_FUNCTION = YES;
				GCC_WARN_UNUSED_VARIABLE = YES;
				IPHONEOS_DEPLOYMENT_TARGET = 12.1;
				MTL_ENABLE_DEBUG_INFO = NO;
				MTL_FAST_MATH = YES;
				SDKROOT = iphoneos;
				SWIFT_COMPILATION_MODE = wholemodule;
				SWIFT_OPTIMIZATION_LEVEL = "-O";
				VALIDATE_PRODUCT = YES;
			};
			name = Release;
		};
		7D82711C2212CB960071574D /* Debug */ = {
			isa = XCBuildConfiguration;
			buildSettings = {
				ASSETCATALOG_COMPILER_APPICON_NAME = AppIcon;
				CODE_SIGN_STYLE = Automatic;
				INFOPLIST_FILE = ShoppingList/Info.plist;
				LD_RUNPATH_SEARCH_PATHS = (
					"$(inherited)",
					"@executable_path/Frameworks",
				);
				PRODUCT_BUNDLE_IDENTIFIER = Ada.ShoppingList;
				PRODUCT_NAME = "$(TARGET_NAME)";
				SWIFT_VERSION = 4.2;
				TARGETED_DEVICE_FAMILY = "1,2";
			};
			name = Debug;
		};
		7D82711D2212CB960071574D /* Release */ = {
			isa = XCBuildConfiguration;
			buildSettings = {
				ASSETCATALOG_COMPILER_APPICON_NAME = AppIcon;
				CODE_SIGN_STYLE = Automatic;
				INFOPLIST_FILE = ShoppingList/Info.plist;
				LD_RUNPATH_SEARCH_PATHS = (
					"$(inherited)",
					"@executable_path/Frameworks",
				);
				PRODUCT_BUNDLE_IDENTIFIER = Ada.ShoppingList;
				PRODUCT_NAME = "$(TARGET_NAME)";
				SWIFT_VERSION = 4.2;
				TARGETED_DEVICE_FAMILY = "1,2";
			};
			name = Release;
		};
		7D82711F2212CB960071574D /* Debug */ = {
			isa = XCBuildConfiguration;
			buildSettings = {
				ALWAYS_EMBED_SWIFT_STANDARD_LIBRARIES = YES;
				BUNDLE_LOADER = "$(TEST_HOST)";
				CODE_SIGN_STYLE = Automatic;
				INFOPLIST_FILE = ShoppingListTests/Info.plist;
				LD_RUNPATH_SEARCH_PATHS = (
					"$(inherited)",
					"@executable_path/Frameworks",
					"@loader_path/Frameworks",
				);
				PRODUCT_BUNDLE_IDENTIFIER = Ada.ShoppingListTests;
				PRODUCT_NAME = "$(TARGET_NAME)";
				SWIFT_VERSION = 4.2;
				TARGETED_DEVICE_FAMILY = "1,2";
				TEST_HOST = "$(BUILT_PRODUCTS_DIR)/ShoppingList.app/ShoppingList";
			};
			name = Debug;
		};
		7D8271202212CB960071574D /* Release */ = {
			isa = XCBuildConfiguration;
			buildSettings = {
				ALWAYS_EMBED_SWIFT_STANDARD_LIBRARIES = YES;
				BUNDLE_LOADER = "$(TEST_HOST)";
				CODE_SIGN_STYLE = Automatic;
				INFOPLIST_FILE = ShoppingListTests/Info.plist;
				LD_RUNPATH_SEARCH_PATHS = (
					"$(inherited)",
					"@executable_path/Frameworks",
					"@loader_path/Frameworks",
				);
				PRODUCT_BUNDLE_IDENTIFIER = Ada.ShoppingListTests;
				PRODUCT_NAME = "$(TARGET_NAME)";
				SWIFT_VERSION = 4.2;
				TARGETED_DEVICE_FAMILY = "1,2";
				TEST_HOST = "$(BUILT_PRODUCTS_DIR)/ShoppingList.app/ShoppingList";
			};
			name = Release;
		};
		7D8271222212CB960071574D /* Debug */ = {
			isa = XCBuildConfiguration;
			buildSettings = {
				ALWAYS_EMBED_SWIFT_STANDARD_LIBRARIES = YES;
				CODE_SIGN_STYLE = Automatic;
				INFOPLIST_FILE = ShoppingListUITests/Info.plist;
				LD_RUNPATH_SEARCH_PATHS = (
					"$(inherited)",
					"@executable_path/Frameworks",
					"@loader_path/Frameworks",
				);
				PRODUCT_BUNDLE_IDENTIFIER = Ada.ShoppingListUITests;
				PRODUCT_NAME = "$(TARGET_NAME)";
				SWIFT_VERSION = 4.2;
				TARGETED_DEVICE_FAMILY = "1,2";
				TEST_TARGET_NAME = ShoppingList;
			};
			name = Debug;
		};
		7D8271232212CB960071574D /* Release */ = {
			isa = XCBuildConfiguration;
			buildSettings = {
				ALWAYS_EMBED_SWIFT_STANDARD_LIBRARIES = YES;
				CODE_SIGN_STYLE = Automatic;
				INFOPLIST_FILE = ShoppingListUITests/Info.plist;
				LD_RUNPATH_SEARCH_PATHS = (
					"$(inherited)",
					"@executable_path/Frameworks",
					"@loader_path/Frameworks",
				);
				PRODUCT_BUNDLE_IDENTIFIER = Ada.ShoppingListUITests;
				PRODUCT_NAME = "$(TARGET_NAME)";
				SWIFT_VERSION = 4.2;
				TARGETED_DEVICE_FAMILY = "1,2";
				TEST_TARGET_NAME = ShoppingList;
			};
			name = Release;
		};
/* End XCBuildConfiguration section */

/* Begin XCConfigurationList section */
		7D8270EE2212CB950071574D /* Build configuration list for PBXProject "ShoppingList" */ = {
			isa = XCConfigurationList;
			buildConfigurations = (
				7D8271192212CB960071574D /* Debug */,
				7D82711A2212CB960071574D /* Release */,
			);
			defaultConfigurationIsVisible = 0;
			defaultConfigurationName = Release;
		};
		7D82711B2212CB960071574D /* Build configuration list for PBXNativeTarget "ShoppingList" */ = {
			isa = XCConfigurationList;
			buildConfigurations = (
				7D82711C2212CB960071574D /* Debug */,
				7D82711D2212CB960071574D /* Release */,
			);
			defaultConfigurationIsVisible = 0;
			defaultConfigurationName = Release;
		};
		7D82711E2212CB960071574D /* Build configuration list for PBXNativeTarget "ShoppingListTests" */ = {
			isa = XCConfigurationList;
			buildConfigurations = (
				7D82711F2212CB960071574D /* Debug */,
				7D8271202212CB960071574D /* Release */,
			);
			defaultConfigurationIsVisible = 0;
			defaultConfigurationName = Release;
		};
		7D8271212212CB960071574D /* Build configuration list for PBXNativeTarget "ShoppingListUITests" */ = {
			isa = XCConfigurationList;
			buildConfigurations = (
				7D8271222212CB960071574D /* Debug */,
				7D8271232212CB960071574D /* Release */,
			);
			defaultConfigurationIsVisible = 0;
			defaultConfigurationName = Release;
		};
/* End XCConfigurationList section */
	};
	rootObject = 7D8270EB2212CB950071574D /* Project object */;
}
